{
  "nodes": {
    "flake-parts": {
      "inputs": {
        "nixpkgs-lib": [
          "nixpkgs"
        ]
      },
      "locked": {
        "lastModified": 1682984683,
        "narHash": "sha256-fSMthG+tp60AHhNmaHc4StT3ltfHkQsJtN8GhfLWmtI=",
        "owner": "hercules-ci",
        "repo": "flake-parts",
        "rev": "86684881e184f41aa322e653880e497b66429f3e",
        "type": "github"
      },
      "original": {
        "owner": "hercules-ci",
        "repo": "flake-parts",
        "type": "github"
      }
    },
    "nix-filter": {
      "locked": {
        "lastModified": 1681154353,
        "narHash": "sha256-MCJ5FHOlbfQRFwN0brqPbCunLEVw05D/3sRVoNVt2tI=",
        "owner": "numtide",
        "repo": "nix-filter",
        "rev": "f529f42792ade8e32c4be274af6b6d60857fbee7",
        "type": "github"
      },
      "original": {
        "owner": "numtide",
        "repo": "nix-filter",
        "type": "github"
      }
    },
    "nixpkgs": {
      "locked": {
        "lastModified": 1683014792,
        "narHash": "sha256-6Va9iVtmmsw4raBc3QKvQT2KT/NGRWlvUlJj46zN8B8=",
        "owner": "nixos",
        "repo": "nixpkgs",
        "rev": "1a411f23ba299db155a5b45d5e145b85a7aafc42",
        "type": "github"
      },
      "original": {
        "owner": "nixos",
        "ref": "nixos-unstable",
        "repo": "nixpkgs",
        "type": "github"
      }
    },
    "root": {
      "inputs": {
        "flake-parts": "flake-parts",
        "nix-filter": "nix-filter",
        "nixpkgs": "nixpkgs",
        "theme": "theme"
      }
    },
    "theme": {
      "flake": false,
      "locked": {
        "lastModified": 1676132693,
        "narHash": "sha256-LAw73IxA0MF3eov7gz2WJpY43jxfJYqgk56/7thbsyg=",
        "owner": "VersBinarii",
        "repo": "hermit_zola",
        "rev": "441c594e09665effca8afa315b09b6d2cfdf179a",
        "type": "github"
      },
      "original": {
        "owner": "VersBinarii",
        "repo": "hermit_zola",
        "type": "github"
      }
    }
  },
  "root": "root",
  "version": 7
}
